{
  "name": "anthill",
  "version": "1.0.0",
  "lockfileVersion": 1,
  "requires": true,
  "dependencies": {
    "marked": {
      "version": "0.4.0",
      "resolved": "http://registry.npm.taobao.org/marked/download/marked-0.4.0.tgz",
      "integrity": "sha1-mtLCp6F5HxCoUuARL3e1cdzhDGY=",
      "dev": true
    }
  }
}
